
Microsoft Visual Studio Solution File, Format Version 12.00
# Visual Studio Version 16
VisualStudioVersion = 16.0.30320.27
MinimumVisualStudioVersion = 10.0.40219.1
Project("{FAE04EC0-301F-11D3-BF4B-00C04F79EFBC}") = "HoursCalculation", "HoursCalculation.csproj", "{72921852-28E8-401F-8D0D-D3C827691D32}"
EndProject
Global
	GlobalSection(SolutionConfigurationPlatforms) = preSolution
		Debug|Any CPU = Debug|Any CPU
		Release|Any CPU = Release|Any CPU
	EndGlobalSection
	GlobalSection(ProjectConfigurationPlatforms) = postSolution
		{72921852-28E8-401F-8D0D-D3C827691D32}.Debug|Any CPU.ActiveCfg = Debug|Any CPU
		{72921852-28E8-401F-8D0D-D3C827691D32}.Debug|Any CPU.Build.0 = Debug|Any CPU
		{72921852-28E8-401F-8D0D-D3C827691D32}.Release|Any CPU.ActiveCfg = Release|Any CPU
		{72921852-28E8-401F-8D0D-D3C827691D32}.Release|Any CPU.Build.0 = Release|Any CPU
	EndGlobalSection
	GlobalSection(SolutionProperties) = preSolution
		HideSolutionNode = FALSE
	EndGlobalSection
	GlobalSection(ExtensibilityGlobals) = postSolution
		SolutionGuid = {24CC4F78-9DE9-4B59-B680-21D4490EC161}
	EndGlobalSection
EndGlobal
